# This file is automatically @generated by Cargo.
# It is not intended for manual editing.
version = 3

[[package]]
name = "antelope-rs"
version = "0.1.0"
dependencies = [
 "append-only-bytes",
 "hex",
]

[[package]]
name = "append-only-bytes"
version = "0.1.12"
source = "registry+https://github.com/rust-lang/crates.io-index"
checksum = "ac436601d6bdde674a0d7fb593e829ffe7b3387c351b356dd20e2d40f5bf3ee5"

[[package]]
name = "hex"
version = "0.4.3"
source = "registry+https://github.com/rust-lang/crates.io-index"
checksum = "7f24254aa9a54b5c858eaee2f5bccdb46aaf0e486a595ed5fd8f86ba55232a70"
